{
  "nodes": {
    "agenix": {
      "inputs": {
        "darwin": [
          "darwin"
        ],
        "home-manager": [
          "home-manager"
        ],
        "nixpkgs": [
          "nixpkgs"
        ],
        "systems": "systems"
      },
      "locked": {
        "lastModified": 1736955230,
        "narHash": "sha256-uenf8fv2eG5bKM8C/UvFaiJMZ4IpUFaQxk9OH5t/1gA=",
        "owner": "ryantm",
        "repo": "agenix",
        "rev": "e600439ec4c273cf11e06fe4d9d906fb98fa097c",
        "type": "github"
      },
      "original": {
        "owner": "ryantm",
        "repo": "agenix",
        "type": "github"
      }
    },
    "autoraise": {
      "inputs": {
        "autoraise-release": "autoraise-release",
        "flake-parts": [
          "flake-parts"
        ],
        "nixpkgs": [
          "nixpkgs"
        ]
      },
      "locked": {
        "lastModified": 1684250158,
        "narHash": "sha256-PjTYCWm1CdqVWGmBHrKKfGLpoAcZCPg1D/O0tB405hA=",
        "owner": "akiiino",
        "repo": "autoraise-flake",
        "rev": "184e4bedffe0ff20b1323ce55dcc51e292b12fc1",
        "type": "github"
      },
      "original": {
        "owner": "akiiino",
        "repo": "autoraise-flake",
        "type": "github"
      }
    },
    "autoraise-release": {
      "flake": false,
      "locked": {
        "narHash": "sha256-F26XksnJX4lkXzhABGmQejuW+/83O+wUTOKcXIUYtk8=",
        "type": "tarball",
        "url": "https://github.com/sbmpost/AutoRaise/archive/refs/tags/v3.7.tar.gz"
      },
      "original": {
        "type": "tarball",
        "url": "https://github.com/sbmpost/AutoRaise/archive/refs/tags/v3.7.tar.gz"
      }
    },
    "cl-nix-lite": {
      "locked": {
        "lastModified": 1728174978,
        "narHash": "sha256-Grqqg+xuicANB85j0gNEXxi9SBKY7bzGeTuyi95eGcY=",
        "owner": "hraban",
        "repo": "cl-nix-lite",
        "rev": "31cfe6275c341eb3120a99f4b1c8516c49a29d87",
        "type": "github"
      },
      "original": {
        "owner": "hraban",
        "repo": "cl-nix-lite",
        "type": "github"
      }
    },
    "darwin": {
      "inputs": {
        "nixpkgs": [
          "nixpkgs"
        ]
      },
      "locked": {
        "lastModified": 1739548217,
        "narHash": "sha256-rlv64erpr36xdmMDPgf9rhRXBYZ0BZb5nrw2ZPSk1sQ=",
        "owner": "LnL7",
        "repo": "nix-darwin",
        "rev": "678b22642abde2ee77ae2218ab41d802f010e5b0",
        "type": "github"
      },
      "original": {
        "owner": "LnL7",
        "ref": "master",
        "repo": "nix-darwin",
        "type": "github"
      }
    },
    "disko": {
      "inputs": {
        "nixpkgs": [
          "nixpkgs"
        ]
      },
      "locked": {
        "lastModified": 1739791827,
        "narHash": "sha256-l6ooDEtfzet9qRQxlb5A+H6eY7VPpdiGMwqX0nqD1xM=",
        "owner": "nix-community",
        "repo": "disko",
        "rev": "af4a580628e98302bb922c01e1169ce08d7bee57",
        "type": "github"
      },
      "original": {
        "owner": "nix-community",
        "repo": "disko",
        "type": "github"
      }
    },
    "firefox-addons": {
      "inputs": {
        "flake-utils": "flake-utils",
        "nixpkgs": [
          "nixpkgs"
        ]
      },
      "locked": {
        "dir": "pkgs/firefox-addons",
        "lastModified": 1739786038,
        "narHash": "sha256-L2MJfl7uOwItCNNn43AqOSDqVSfVqHy0VeAVwsmu2m8=",
        "owner": "rycee",
        "repo": "nur-expressions",
        "rev": "017212503164634aa014b8064dfbf48c47f744a4",
        "type": "gitlab"
      },
      "original": {
        "dir": "pkgs/firefox-addons",
        "owner": "rycee",
        "repo": "nur-expressions",
        "type": "gitlab"
      }
    },
    "flake-compat": {
      "flake": false,
      "locked": {
        "lastModified": 1730663653,
        "narHash": "sha256-kFCUWettiFHDIqxCWWQ9qY8pVh+Lj+XL0Giyy/kdomg=",
        "owner": "hraban",
        "repo": "flake-compat",
        "rev": "e5b16676185cb7548581c852f51ce7f3a49bba5e",
        "type": "github"
      },
      "original": {
        "owner": "hraban",
        "ref": "fixed-output",
        "repo": "flake-compat",
        "type": "github"
      }
    },
    "flake-parts": {
      "inputs": {
        "nixpkgs-lib": "nixpkgs-lib"
      },
      "locked": {
        "lastModified": 1738453229,
        "narHash": "sha256-7H9XgNiGLKN1G1CgRh0vUL4AheZSYzPm+zmZ7vxbJdo=",
        "owner": "hercules-ci",
        "repo": "flake-parts",
        "rev": "32ea77a06711b758da0ad9bd6a844c5740a87abd",
        "type": "github"
      },
      "original": {
        "owner": "hercules-ci",
        "repo": "flake-parts",
        "type": "github"
      }
    },
    "flake-parts_2": {
      "inputs": {
        "nixpkgs-lib": "nixpkgs-lib_2"
      },
      "locked": {
        "lastModified": 1683560683,
        "narHash": "sha256-XAygPMN5Xnk/W2c1aW0jyEa6lfMDZWlQgiNtmHXytPc=",
        "owner": "hercules-ci",
        "repo": "flake-parts",
        "rev": "006c75898cf814ef9497252b022e91c946ba8e17",
        "type": "github"
      },
      "original": {
        "owner": "hercules-ci",
        "repo": "flake-parts",
        "type": "github"
      }
    },
    "flake-utils": {
      "locked": {
        "lastModified": 1629284811,
        "narHash": "sha256-JHgasjPR0/J1J3DRm4KxM4zTyAj4IOJY8vIl75v/kPI=",
        "owner": "numtide",
        "repo": "flake-utils",
        "rev": "c5d161cc0af116a2e17f54316f0bf43f0819785c",
        "type": "github"
      },
      "original": {
        "owner": "numtide",
        "repo": "flake-utils",
        "type": "github"
      }
    },
    "flake-utils_2": {
      "inputs": {
        "systems": [
          "mac-app-util",
          "systems"
        ]
      },
      "locked": {
        "lastModified": 1731533236,
        "narHash": "sha256-l0KFg5HjrsfsO/JpG+r7fRrqm12kzFHyUHqHCVpMMbI=",
        "owner": "numtide",
        "repo": "flake-utils",
        "rev": "11707dc2f618dd54ca8739b309ec4fc024de578b",
        "type": "github"
      },
      "original": {
        "id": "flake-utils",
        "type": "indirect"
      }
    },
    "foundryvtt": {
      "inputs": {
        "nixpkgs": "nixpkgs"
      },
      "locked": {
        "lastModified": 1739712626,
        "narHash": "sha256-u3m+awbdL+0BKk8IWidsWMr+R0ian3GZMUlH7623kd8=",
        "owner": "reckenrode",
        "repo": "nix-foundryvtt",
        "rev": "a7fa493ba2c623cf90e83756b62285b3b58f18d2",
        "type": "github"
      },
      "original": {
        "owner": "reckenrode",
        "repo": "nix-foundryvtt",
        "type": "github"
      }
    },
    "gitsh": {
      "inputs": {
        "flake-parts": "flake-parts_2",
        "gitsh-release": "gitsh-release",
        "nixpkgs": "nixpkgs_2"
      },
      "locked": {
        "lastModified": 1684223322,
        "narHash": "sha256-FbcTAJANGunGVlWy6HzrQFP8Z9x+nNAdJVHhleWjmBY=",
        "owner": "akiiino",
        "repo": "gitsh-flake",
        "rev": "ae4baa9a9a350d062b17ada42c8c557acc40bc3d",
        "type": "github"
      },
      "original": {
        "owner": "akiiino",
        "repo": "gitsh-flake",
        "type": "github"
      }
    },
    "gitsh-release": {
      "flake": false,
      "locked": {
        "narHash": "sha256-D1ThJyW6Y4GSlbrPJdAXwShcPIeOSKIPexuDuciHW+Y=",
        "type": "tarball",
        "url": "https://github.com/thoughtbot/gitsh/releases/download/v0.14/gitsh-0.14.tar.gz"
      },
      "original": {
        "type": "tarball",
        "url": "https://github.com/thoughtbot/gitsh/releases/download/v0.14/gitsh-0.14.tar.gz"
      }
    },
    "haumea": {
      "inputs": {
        "nixpkgs": [
          "nixpkgs"
        ]
      },
      "locked": {
        "lastModified": 1685133229,
        "narHash": "sha256-FePm/Gi9PBSNwiDFq3N+DWdfxFq0UKsVVTJS3cQPn94=",
        "owner": "nix-community",
        "repo": "haumea",
        "rev": "34dd58385092a23018748b50f9b23de6266dffc2",
        "type": "github"
      },
      "original": {
        "owner": "nix-community",
        "ref": "v0.2.2",
        "repo": "haumea",
        "type": "github"
      }
    },
    "home-manager": {
      "inputs": {
        "nixpkgs": [
          "nixpkgs"
        ]
      },
      "locked": {
        "lastModified": 1739790043,
        "narHash": "sha256-4gK4zdNDQ4PyGFs7B6zp9iPIBy9E+bVJiZ0XAmncvgQ=",
        "owner": "nix-community",
        "repo": "home-manager",
        "rev": "c1ea92cdfb85bd7b0995b550581d9fd1c3370bf9",
        "type": "github"
      },
      "original": {
        "owner": "nix-community",
        "ref": "master",
        "repo": "home-manager",
        "type": "github"
      }
    },
    "impermanence": {
      "locked": {
        "lastModified": 1737831083,
        "narHash": "sha256-LJggUHbpyeDvNagTUrdhe/pRVp4pnS6wVKALS782gRI=",
        "owner": "nix-community",
        "repo": "impermanence",
        "rev": "4b3e914cdf97a5b536a889e939fb2fd2b043a170",
        "type": "github"
      },
      "original": {
        "owner": "nix-community",
        "repo": "impermanence",
        "type": "github"
      }
    },
    "mac-app-util": {
      "inputs": {
        "cl-nix-lite": "cl-nix-lite",
        "flake-compat": "flake-compat",
        "flake-utils": "flake-utils_2",
        "nixpkgs": "nixpkgs_3",
        "systems": "systems_2"
      },
      "locked": {
        "lastModified": 1732920695,
        "narHash": "sha256-1fxvJZUznwrmEtYqpPuWi2tPcL9kj6v7p1J7ZZncAPE=",
        "owner": "hraban",
        "repo": "mac-app-util",
        "rev": "548672d0cb661ce11d08ee8bde92b87d2a75c872",
        "type": "github"
      },
      "original": {
        "owner": "hraban",
        "repo": "mac-app-util",
        "type": "github"
      }
    },
    "mollusca-secrets": {
      "inputs": {
        "nixpkgs": [
          "nixpkgs"
        ]
      },
      "locked": {
        "lastModified": 1687799233,
        "narHash": "sha256-VQhhL5ALA0srHO8JnxZhddhOMFbKLc0vqEiFQ/zd8qg=",
        "ref": "refs/heads/main",
        "rev": "3c34f17df5bbf4313ce589ff8678e77e4427a7b7",
        "revCount": 10,
        "type": "git",
        "url": "ssh://git@github.com/Akiiino/mollusca-secrets.git"
      },
      "original": {
        "type": "git",
        "url": "ssh://git@github.com/Akiiino/mollusca-secrets.git"
      }
    },
    "nc-announcementcenter": {
      "flake": false,
      "locked": {
        "lastModified": 1711017776,
        "narHash": "sha256-OxO+pOQTUXfhiQJQm5o16hdyX0P+p2mISr5BdylkGmM=",
        "type": "tarball",
        "url": "https://github.com/nextcloud-releases/announcementcenter/releases/download/v6.8.1/announcementcenter-v6.8.1.tar.gz"
      },
      "original": {
        "type": "tarball",
        "url": "https://github.com/nextcloud-releases/announcementcenter/releases/download/v6.8.1/announcementcenter-v6.8.1.tar.gz"
      }
    },
    "nc-oidc_login": {
      "flake": false,
      "locked": {
        "lastModified": 1736003717,
        "narHash": "sha256-PFTXfA8HGL8xCvVF/IBMC2FUX70tbQc3mPoWmbTzz8k=",
        "owner": "pulsejet",
        "repo": "nextcloud-oidc-login",
        "rev": "3ce78fbcb0317db22bdd3a7bde46fc33debaa9cf",
        "type": "github"
      },
      "original": {
        "owner": "pulsejet",
        "repo": "nextcloud-oidc-login",
        "type": "github"
      }
    },
    "nc-previewgenerator": {
      "flake": false,
      "locked": {
        "lastModified": 1721238168,
        "narHash": "sha256-bQOZrMSBTe+gFHzkhw5WjZjethaxsklSxh3Z/C9zS+s=",
        "owner": "akiiino",
        "repo": "previewgenerator",
        "rev": "ef4f6b068347147e1bd5096de2896013833fa4e6",
        "type": "github"
      },
      "original": {
        "owner": "akiiino",
        "repo": "previewgenerator",
        "type": "github"
      }
    },
    "nh": {
      "inputs": {
        "nixpkgs": "nixpkgs_4"
      },
      "locked": {
        "lastModified": 1738579718,
        "narHash": "sha256-HcNEFumdZ4Y59CBB1h1IzOyPxwn0u/Wson6hhzItXCA=",
        "owner": "viperML",
        "repo": "nh",
        "rev": "8ef70b642b8351c010a48f43dda6a1ebf038f5d9",
        "type": "github"
      },
      "original": {
        "owner": "viperML",
        "repo": "nh",
        "type": "github"
      }
    },
    "nixcasks": {
      "inputs": {
        "nixpkgs": [
          "nixpkgs"
        ]
      },
      "locked": {
        "lastModified": 1739741943,
        "narHash": "sha256-0VNywH4g7uhlj1MJZF+GdlfGyikhAlunTt0OhrKPJIs=",
        "owner": "jacekszymanski",
        "repo": "nixcasks",
        "rev": "f3d44fc8046b9e5a76f7a723e0575d92793b06be",
        "type": "github"
      },
      "original": {
        "owner": "jacekszymanski",
        "repo": "nixcasks",
        "type": "github"
      }
    },
    "nixlib": {
      "locked": {
        "lastModified": 1736643958,
        "narHash": "sha256-tmpqTSWVRJVhpvfSN9KXBvKEXplrwKnSZNAoNPf/S/s=",
        "owner": "nix-community",
        "repo": "nixpkgs.lib",
        "rev": "1418bc28a52126761c02dd3d89b2d8ca0f521181",
        "type": "github"
      },
      "original": {
        "owner": "nix-community",
        "repo": "nixpkgs.lib",
        "type": "github"
      }
    },
    "nixos-generators": {
      "inputs": {
        "nixlib": "nixlib",
        "nixpkgs": [
          "nixpkgs"
        ]
      },
      "locked": {
        "lastModified": 1737057290,
        "narHash": "sha256-3Pe0yKlCc7EOeq1X/aJVDH0CtNL+tIBm49vpepwL1MQ=",
        "owner": "nix-community",
        "repo": "nixos-generators",
        "rev": "d002ce9b6e7eb467cd1c6bb9aef9c35d191b5453",
        "type": "github"
      },
      "original": {
        "owner": "nix-community",
        "repo": "nixos-generators",
        "type": "github"
      }
    },
    "nixos-hardware": {
      "locked": {
        "lastModified": 1738816619,
        "narHash": "sha256-5yRlg48XmpcX5b5HesdGMOte+YuCy9rzQkJz+imcu6I=",
        "owner": "NixOS",
        "repo": "nixos-hardware",
        "rev": "2eccff41bab80839b1d25b303b53d339fbb07087",
        "type": "github"
      },
      "original": {
        "owner": "NixOS",
        "ref": "master",
        "repo": "nixos-hardware",
        "type": "github"
      }
    },
    "nixpkgs": {
      "locked": {
        "lastModified": 1739484910,
        "narHash": "sha256-wjWLzdM7PIq4ZAe7k3vyjtgVJn6b0UeodtRFlM/6W5U=",
        "owner": "nixos",
        "repo": "nixpkgs",
        "rev": "0b73e36b1962620a8ac551a37229dd8662dac5c8",
        "type": "github"
      },
      "original": {
        "owner": "nixos",
        "ref": "nixos-24.11",
        "repo": "nixpkgs",
        "type": "github"
      }
    },
    "nixpkgs-lib": {
      "locked": {
        "lastModified": 1738452942,
        "narHash": "sha256-vJzFZGaCpnmo7I6i416HaBLpC+hvcURh/BQwROcGIp8=",
        "type": "tarball",
        "url": "https://github.com/NixOS/nixpkgs/archive/072a6db25e947df2f31aab9eccd0ab75d5b2da11.tar.gz"
      },
      "original": {
        "type": "tarball",
        "url": "https://github.com/NixOS/nixpkgs/archive/072a6db25e947df2f31aab9eccd0ab75d5b2da11.tar.gz"
      }
    },
    "nixpkgs-lib_2": {
      "locked": {
        "dir": "lib",
        "lastModified": 1682879489,
        "narHash": "sha256-sASwo8gBt7JDnOOstnps90K1wxmVfyhsTPPNTGBPjjg=",
        "owner": "NixOS",
        "repo": "nixpkgs",
        "rev": "da45bf6ec7bbcc5d1e14d3795c025199f28e0de0",
        "type": "github"
      },
      "original": {
        "dir": "lib",
        "owner": "NixOS",
        "ref": "nixos-unstable",
        "repo": "nixpkgs",
        "type": "github"
      }
    },
    "nixpkgs_2": {
      "locked": {
        "lastModified": 1683928319,
        "narHash": "sha256-maz0DRKixJVcNRMiAMWlJniiF8IuQ+WbfmlJJ8D+jfM=",
        "owner": "NixOS",
        "repo": "nixpkgs",
        "rev": "9656e85a15a0fe67847ee8cdb99a20d8df499962",
        "type": "github"
      },
      "original": {
        "owner": "NixOS",
        "ref": "nixos-22.11",
        "repo": "nixpkgs",
        "type": "github"
      }
    },
    "nixpkgs_3": {
      "locked": {
        "lastModified": 1732617236,
        "narHash": "sha256-PYkz6U0bSEaEB1al7O1XsqVNeSNS+s3NVclJw7YC43w=",
        "owner": "NixOS",
        "repo": "nixpkgs",
        "rev": "af51545ec9a44eadf3fe3547610a5cdd882bc34e",
        "type": "github"
      },
      "original": {
        "owner": "NixOS",
        "repo": "nixpkgs",
        "rev": "af51545ec9a44eadf3fe3547610a5cdd882bc34e",
        "type": "github"
      }
    },
    "nixpkgs_4": {
      "locked": {
        "lastModified": 1735563628,
        "narHash": "sha256-OnSAY7XDSx7CtDoqNh8jwVwh4xNL/2HaJxGjryLWzX8=",
        "owner": "NixOS",
        "repo": "nixpkgs",
        "rev": "b134951a4c9f3c995fd7be05f3243f8ecd65d798",
        "type": "github"
      },
      "original": {
        "owner": "NixOS",
        "ref": "nixos-24.05",
        "repo": "nixpkgs",
        "type": "github"
      }
    },
    "nixpkgs_5": {
      "locked": {
        "lastModified": 1739580444,
        "narHash": "sha256-+/bSz4EAVbqz8/HsIGLroF8aNaO8bLRL7WfACN+24g4=",
        "owner": "NixOS",
        "repo": "nixpkgs",
        "rev": "8bb37161a0488b89830168b81c48aed11569cb93",
        "type": "github"
      },
      "original": {
        "owner": "NixOS",
        "ref": "nixos-unstable",
        "repo": "nixpkgs",
        "type": "github"
      }
    },
    "root": {
      "inputs": {
        "agenix": "agenix",
        "autoraise": "autoraise",
        "darwin": "darwin",
        "disko": "disko",
        "firefox-addons": "firefox-addons",
        "flake-parts": "flake-parts",
        "foundryvtt": "foundryvtt",
        "gitsh": "gitsh",
        "haumea": "haumea",
        "home-manager": "home-manager",
        "impermanence": "impermanence",
        "mac-app-util": "mac-app-util",
        "mollusca-secrets": "mollusca-secrets",
        "nc-announcementcenter": "nc-announcementcenter",
        "nc-oidc_login": "nc-oidc_login",
        "nc-previewgenerator": "nc-previewgenerator",
        "nh": "nh",
        "nixcasks": "nixcasks",
        "nixos-generators": "nixos-generators",
        "nixos-hardware": "nixos-hardware",
        "nixpkgs": "nixpkgs_5",
        "secondbrain": "secondbrain",
        "stevenBlackHosts": "stevenBlackHosts"
      }
    },
    "secondbrain": {
      "inputs": {
        "flake-parts": [
          "flake-parts"
        ],
        "nixpkgs": [
          "nixpkgs"
        ]
      },
      "locked": {
        "lastModified": 1700481531,
        "narHash": "sha256-O+61uRj/NyYaQnkQKFmOd8aydjoSRmZWMwjjmCALtDA=",
        "owner": "akiiino",
        "repo": "secondbrain",
        "rev": "6917d7d569a4e98eeea3105aaf4f106d5a83f717",
        "type": "github"
      },
      "original": {
        "owner": "akiiino",
        "repo": "secondbrain",
        "type": "github"
      }
    },
    "stevenBlackHosts": {
      "flake": false,
      "locked": {
        "lastModified": 1739383490,
        "narHash": "sha256-NjGiPINGJb6EHnRH3ubiorT4069eYWYj1WooOyE2vDM=",
        "owner": "StevenBlack",
        "repo": "hosts",
        "rev": "37cd96c0fe95ad3357b9dffe9e612f7e539ece35",
        "type": "github"
      },
      "original": {
        "owner": "StevenBlack",
        "repo": "hosts",
        "type": "github"
      }
    },
    "systems": {
      "locked": {
        "lastModified": 1681028828,
        "narHash": "sha256-Vy1rq5AaRuLzOxct8nz4T6wlgyUR7zLU309k9mBC768=",
        "owner": "nix-systems",
        "repo": "default",
        "rev": "da67096a3b9bf56a91d16901293e51ba5b49a27e",
        "type": "github"
      },
      "original": {
        "owner": "nix-systems",
        "repo": "default",
        "type": "github"
      }
    },
    "systems_2": {
      "locked": {
        "lastModified": 1689347925,
        "narHash": "sha256-ozenz5bFe1UUqOn7f60HRmgc01BgTGIKZ4Xl+HbocGQ=",
        "owner": "nix-systems",
        "repo": "default-darwin",
        "rev": "2235d7e6cc29ae99878133c95e9fe5e157661ffb",
        "type": "github"
      },
      "original": {
        "owner": "nix-systems",
        "repo": "default-darwin",
        "type": "github"
      }
    }
  },
  "root": "root",
  "version": 7
}
