{
  "nodes": {
    "WG-jail": {
      "inputs": {
        "nixpkgs": [
          "transmission-confined",
          "nixpkgs"
        ]
      },
      "locked": {
        "lastModified": 1771151774,
        "narHash": "sha256-XJwZgKtwGCHwJ2NMKT9bBH1WjmjVybw8HdlJ8qwfqhU=",
        "owner": "Akiiino",
        "repo": "WG-Jail",
        "rev": "63b9e8d4f27757bf4794e87b91865c0b6532d097",
        "type": "github"
      },
      "original": {
        "owner": "Akiiino",
        "repo": "WG-Jail",
        "type": "github"
      }
    },
    "agenix": {
      "inputs": {
        "darwin": "darwin",
        "home-manager": [
          "home-manager"
        ],
        "nixpkgs": [
          "nixpkgs"
        ],
        "systems": "systems"
      },
      "locked": {
        "lastModified": 1770165109,
        "narHash": "sha256-9VnK6Oqai65puVJ4WYtCTvlJeXxMzAp/69HhQuTdl/I=",
        "owner": "ryantm",
        "repo": "agenix",
        "rev": "b027ee29d959fda4b60b57566d64c98a202e0feb",
        "type": "github"
      },
      "original": {
        "owner": "ryantm",
        "repo": "agenix",
        "type": "github"
      }
    },
    "arkenfox": {
      "inputs": {
        "flake-compat": "flake-compat",
        "nixpkgs": [
          "nixpkgs"
        ],
        "pre-commit": []
      },
      "locked": {
        "lastModified": 1783755095,
        "narHash": "sha256-K4ddeZDNgJc+FyYQWsqyFTMCQif9HSX26nco9dw9Cjs=",
        "owner": "dwarfmaster",
        "repo": "arkenfox-nixos",
        "rev": "8519121f72f9d209b25792e4008fddcc2acbf590",
        "type": "github"
      },
      "original": {
        "owner": "dwarfmaster",
        "repo": "arkenfox-nixos",
        "type": "github"
      }
    },
    "darwin": {
      "inputs": {
        "nixpkgs": [
          "agenix",
          "nixpkgs"
        ]
      },
      "locked": {
        "lastModified": 1744478979,
        "narHash": "sha256-dyN+teG9G82G+m+PX/aSAagkC+vUv0SgUw3XkPhQodQ=",
        "owner": "lnl7",
        "repo": "nix-darwin",
        "rev": "43975d782b418ebf4969e9ccba82466728c2851b",
        "type": "github"
      },
      "original": {
        "owner": "lnl7",
        "ref": "master",
        "repo": "nix-darwin",
        "type": "github"
      }
    },
    "disko": {
      "inputs": {
        "nixpkgs": [
          "nixpkgs"
        ]
      },
      "locked": {
        "lastModified": 1781152676,
        "narHash": "sha256-RxWs5ND31KzTG7wvMM+PMfUjyNpmIEr999lqNARaM5o=",
        "owner": "nix-community",
        "repo": "disko",
        "rev": "ff8702b4de27f72b4c78573dfb89ec74e36abdf1",
        "type": "github"
      },
      "original": {
        "owner": "nix-community",
        "repo": "disko",
        "type": "github"
      }
    },
    "filewatcher123d": {
      "inputs": {
        "nixpkgs": [
          "nixpkgs"
        ],
        "pyproject-build-systems": "pyproject-build-systems",
        "pyproject-nix": "pyproject-nix",
        "uv2nix": "uv2nix"
      },
      "locked": {
        "lastModified": 1781518726,
        "narHash": "sha256-/cESnZvkDdChgFYN7BbtOvUEc2oJnhYrBGui/vtBR3A=",
        "owner": "Akiiino",
        "repo": "filewatcher123d-flake",
        "rev": "c013b7b152636f5c2fdf437485d1a7aee6f2766a",
        "type": "github"
      },
      "original": {
        "owner": "Akiiino",
        "repo": "filewatcher123d-flake",
        "type": "github"
      }
    },
    "firefox-addons": {
      "inputs": {
        "nixpkgs": [
          "nixpkgs"
        ]
      },
      "locked": {
        "dir": "pkgs/firefox-addons",
        "lastModified": 1785643380,
        "narHash": "sha256-6LdHFP+av+MSeCWLEl0p7qqD8fBH9pVAfMYHSqbjfA4=",
        "owner": "rycee",
        "repo": "nur-expressions",
        "rev": "49e519c7b98b21d278be7d72bce2e8ff3b4f3065",
        "type": "gitlab"
      },
      "original": {
        "dir": "pkgs/firefox-addons",
        "owner": "rycee",
        "repo": "nur-expressions",
        "type": "gitlab"
      }
    },
    "flake-compat": {
      "flake": false,
      "locked": {
        "lastModified": 1767039857,
        "narHash": "sha256-vNpUSpF5Nuw8xvDLj2KCwwksIbjua2LZCqhV1LNRDns=",
        "owner": "edolstra",
        "repo": "flake-compat",
        "rev": "5edf11c44bc78a0d334f6334cdaf7d60d732daab",
        "type": "github"
      },
      "original": {
        "owner": "edolstra",
        "repo": "flake-compat",
        "type": "github"
      }
    },
    "flake-parts": {
      "inputs": {
        "nixpkgs-lib": "nixpkgs-lib"
      },
      "locked": {
        "lastModified": 1785627969,
        "narHash": "sha256-4dtXQk/NMePegK/nWp5NSeuZKLATItOq61lpEvmXqGw=",
        "owner": "hercules-ci",
        "repo": "flake-parts",
        "rev": "427bf4bd9435fdf21321c8cc628c24efc14c0f7a",
        "type": "github"
      },
      "original": {
        "owner": "hercules-ci",
        "repo": "flake-parts",
        "type": "github"
      }
    },
    "flake-utils": {
      "inputs": {
        "systems": "systems_2"
      },
      "locked": {
        "lastModified": 1731533236,
        "narHash": "sha256-l0KFg5HjrsfsO/JpG+r7fRrqm12kzFHyUHqHCVpMMbI=",
        "owner": "numtide",
        "repo": "flake-utils",
        "rev": "11707dc2f618dd54ca8739b309ec4fc024de578b",
        "type": "github"
      },
      "original": {
        "owner": "numtide",
        "repo": "flake-utils",
        "type": "github"
      }
    },
    "flexoki": {
      "flake": false,
      "locked": {
        "lastModified": 1772915256,
        "narHash": "sha256-IxnvoZ9hGEvwq/PBbHTL5L2a2kxMSXSINIfd5Dg9ttA=",
        "owner": "kepano",
        "repo": "flexoki",
        "rev": "8d723bac4a9ac46adfdf99d42155286977aac72a",
        "type": "github"
      },
      "original": {
        "owner": "kepano",
        "repo": "flexoki",
        "type": "github"
      }
    },
    "gitsh": {
      "inputs": {
        "gitsh-release": "gitsh-release",
        "nixpkgs": [
          "nixpkgs"
        ]
      },
      "locked": {
        "lastModified": 1767959533,
        "narHash": "sha256-g/+zLHwye3b2K4HqsoQxAPFOOYzk0/y+AMkNB1KE4KY=",
        "owner": "Akiiino",
        "repo": "gitsh-flake",
        "rev": "304b8cc1c4090b0285cf82d2b7992599fa20cf37",
        "type": "github"
      },
      "original": {
        "owner": "Akiiino",
        "repo": "gitsh-flake",
        "type": "github"
      }
    },
    "gitsh-release": {
      "flake": false,
      "locked": {
        "narHash": "sha256-D1ThJyW6Y4GSlbrPJdAXwShcPIeOSKIPexuDuciHW+Y=",
        "type": "tarball",
        "url": "https://github.com/thoughtbot/gitsh/releases/download/v0.14/gitsh-0.14.tar.gz"
      },
      "original": {
        "type": "tarball",
        "url": "https://github.com/thoughtbot/gitsh/releases/download/v0.14/gitsh-0.14.tar.gz"
      }
    },
    "home-manager": {
      "inputs": {
        "nixpkgs": [
          "nixpkgs"
        ]
      },
      "locked": {
        "lastModified": 1785119570,
        "narHash": "sha256-Rgs2xKnGLFWQscxUaXX07oyZeuMDOHEbqDOsgliLFGM=",
        "owner": "nix-community",
        "repo": "home-manager",
        "rev": "d4fd24667c8cbef124bb70a20380cab75ec8474d",
        "type": "github"
      },
      "original": {
        "owner": "nix-community",
        "ref": "release-26.05",
        "repo": "home-manager",
        "type": "github"
      }
    },
    "home-manager_2": {
      "inputs": {
        "nixpkgs": [
          "impermanence",
          "nixpkgs"
        ]
      },
      "locked": {
        "lastModified": 1768598210,
        "narHash": "sha256-kkgA32s/f4jaa4UG+2f8C225Qvclxnqs76mf8zvTVPg=",
        "owner": "nix-community",
        "repo": "home-manager",
        "rev": "c47b2cc64a629f8e075de52e4742de688f930dc6",
        "type": "github"
      },
      "original": {
        "owner": "nix-community",
        "repo": "home-manager",
        "type": "github"
      }
    },
    "horai": {
      "inputs": {
        "nixpkgs": [
          "nixpkgs"
        ],
        "pyproject-nix": "pyproject-nix_2"
      },
      "locked": {
        "lastModified": 1785877438,
        "narHash": "sha256-z9nljqwJycojZ4KoyyPY7W2cGB1njDDK89P2U5hz8X4=",
        "owner": "Akiiino",
        "repo": "horai",
        "rev": "e1d990930922c4b3050229dba9f0ac3f461e3999",
        "type": "github"
      },
      "original": {
        "owner": "Akiiino",
        "repo": "horai",
        "type": "github"
      }
    },
    "impermanence": {
      "inputs": {
        "home-manager": "home-manager_2",
        "nixpkgs": [
          "nixpkgs"
        ]
      },
      "locked": {
        "lastModified": 1769548169,
        "narHash": "sha256-03+JxvzmfwRu+5JafM0DLbxgHttOQZkUtDWBmeUkN8Y=",
        "owner": "nix-community",
        "repo": "impermanence",
        "rev": "7b1d382faf603b6d264f58627330f9faa5cba149",
        "type": "github"
      },
      "original": {
        "owner": "nix-community",
        "repo": "impermanence",
        "type": "github"
      }
    },
    "janet-lsp": {
      "inputs": {
        "janet-lsp-src": "janet-lsp-src",
        "janet-nix": "janet-nix",
        "nixpkgs": [
          "nixpkgs"
        ]
      },
      "locked": {
        "lastModified": 1780442805,
        "narHash": "sha256-xOOPQQI/Kr/l7eMuvehYPS3sNGYqsL2BuucQlWQz1Ck=",
        "owner": "Akiiino",
        "repo": "janet-lsp-flake",
        "rev": "18270e710502549795ee94224f751ac911b56ef6",
        "type": "github"
      },
      "original": {
        "owner": "Akiiino",
        "repo": "janet-lsp-flake",
        "type": "github"
      }
    },
    "janet-lsp-src": {
      "flake": false,
      "locked": {
        "lastModified": 1771699735,
        "narHash": "sha256-OLY1G4YL1eFRltWQpBfmdRiHiPVvLEthWCPJchUUPj4=",
        "owner": "CFiggers",
        "repo": "janet-lsp",
        "rev": "e31cd7f78608c2516aa43532888b040c2a5900b1",
        "type": "github"
      },
      "original": {
        "owner": "CFiggers",
        "repo": "janet-lsp",
        "type": "github"
      }
    },
    "janet-nix": {
      "inputs": {
        "nixpkgs": [
          "janet-lsp",
          "nixpkgs"
        ]
      },
      "locked": {
        "lastModified": 1776872502,
        "narHash": "sha256-17D5xeTKJpv14qyrT8dssdD5Q3jw+UODBFNp2C50big=",
        "owner": "turnerdev",
        "repo": "janet-nix",
        "rev": "a2329660ee80f09d5a95491bfd4d98e988b32319",
        "type": "github"
      },
      "original": {
        "owner": "turnerdev",
        "repo": "janet-nix",
        "type": "github"
      }
    },
    "kak-yac": {
      "inputs": {
        "nixpkgs": [
          "nixpkgs"
        ]
      },
      "locked": {
        "lastModified": 1765286806,
        "narHash": "sha256-k1X4du865dA5dz8PNe+DHjjl7GrkdMO+wz5uMtNiIR8=",
        "owner": "Akiiino",
        "repo": "kak-yac",
        "rev": "44cefe0fcc103375f8d88d8c97f19dd6a05c7446",
        "type": "github"
      },
      "original": {
        "owner": "Akiiino",
        "repo": "kak-yac",
        "type": "github"
      }
    },
    "kakoune": {
      "flake": false,
      "locked": {
        "lastModified": 1779980039,
        "narHash": "sha256-CbzBg4SmMu995Vi2u9G24hh2aIDi+7HV/zcbM+PUvBk=",
        "owner": "Akiiino",
        "repo": "kakoune",
        "rev": "e7e8c8d71f1fab0781d3000002d08de42708c560",
        "type": "github"
      },
      "original": {
        "owner": "Akiiino",
        "repo": "kakoune",
        "type": "github"
      }
    },
    "mini-agenix": {
      "inputs": {
        "nixpkgs": [
          "nixpkgs"
        ]
      },
      "locked": {
        "lastModified": 1781509767,
        "narHash": "sha256-FPZOK1K+fn18wMWxaaP9vsooMQegHZgGLNTQSQz/zb0=",
        "owner": "Akiiino",
        "repo": "mini-agenix",
        "rev": "6962be7ae9b34dde7522c2706c82d58806e75d95",
        "type": "github"
      },
      "original": {
        "owner": "Akiiino",
        "repo": "mini-agenix",
        "type": "github"
      }
    },
    "niri": {
      "inputs": {
        "niri-stable": "niri-stable",
        "niri-unstable": "niri-unstable",
        "nixpkgs": [
          "nixpkgs"
        ],
        "nixpkgs-stable": [
          "nixpkgs"
        ],
        "xwayland-satellite-stable": "xwayland-satellite-stable",
        "xwayland-satellite-unstable": "xwayland-satellite-unstable"
      },
      "locked": {
        "lastModified": 1785610189,
        "narHash": "sha256-6m4cY11Fzv/GXrWBwC9RTrK7Kj5g2rmxrAy+cBIHnSY=",
        "owner": "sodiboo",
        "repo": "niri-flake",
        "rev": "db5a178309551a16c0ca895ec55a2592c6daf963",
        "type": "github"
      },
      "original": {
        "owner": "sodiboo",
        "repo": "niri-flake",
        "type": "github"
      }
    },
    "niri-stable": {
      "flake": false,
      "locked": {
        "lastModified": 1756556321,
        "narHash": "sha256-RLD89dfjN0RVO86C/Mot0T7aduCygPGaYbog566F0Qo=",
        "owner": "YaLTeR",
        "repo": "niri",
        "rev": "01be0e65f4eb91a9cd624ac0b76aaeab765c7294",
        "type": "github"
      },
      "original": {
        "owner": "YaLTeR",
        "ref": "v25.08",
        "repo": "niri",
        "type": "github"
      }
    },
    "niri-unstable": {
      "flake": false,
      "locked": {
        "lastModified": 1784570726,
        "narHash": "sha256-9EMn69JBcFWFgUM7f0VBAX+jBby5b9H3M59U75+5yI4=",
        "owner": "YaLTeR",
        "repo": "niri",
        "rev": "7f26c3ee804fb6ed458ef7fb0e3c794f14e0b3bc",
        "type": "github"
      },
      "original": {
        "owner": "YaLTeR",
        "repo": "niri",
        "type": "github"
      }
    },
    "nixos-hardware": {
      "inputs": {
        "nixpkgs": [
          "nixpkgs"
        ]
      },
      "locked": {
        "lastModified": 1785232496,
        "narHash": "sha256-65EQYIRRpTdpH8lUiB6Mvo5uBkG60aBIzAJuALfx+O0=",
        "owner": "NixOS",
        "repo": "nixos-hardware",
        "rev": "2e790b0a6be8ec2b76174ac0931b8ff11919ec98",
        "type": "github"
      },
      "original": {
        "owner": "NixOS",
        "ref": "master",
        "repo": "nixos-hardware",
        "type": "github"
      }
    },
    "nixpkgs": {
      "locked": {
        "lastModified": 1785599192,
        "narHash": "sha256-dg4RTtDxnXY13UkJNdhmgTUTl0n/IJBlCigfO7nutZw=",
        "owner": "NixOS",
        "repo": "nixpkgs",
        "rev": "6d65bfc1bcef2ef39a239d38e577e92a89fb0f07",
        "type": "github"
      },
      "original": {
        "owner": "NixOS",
        "ref": "nixos-26.05",
        "repo": "nixpkgs",
        "type": "github"
      }
    },
    "nixpkgs-lib": {
      "locked": {
        "lastModified": 1785031560,
        "narHash": "sha256-OmshNvn2vupOFpYinLUu+1Dnpu4n7Q5N3ggGVNHpkUI=",
        "owner": "nix-community",
        "repo": "nixpkgs.lib",
        "rev": "0e79af5e3d4dcfcd676ab5ba3f95d2e3352e078c",
        "type": "github"
      },
      "original": {
        "owner": "nix-community",
        "repo": "nixpkgs.lib",
        "type": "github"
      }
    },
    "parinfer-rust": {
      "inputs": {
        "flake-utils": "flake-utils",
        "nixpkgs": [
          "nixpkgs"
        ]
      },
      "locked": {
        "lastModified": 1783600954,
        "narHash": "sha256-KcnbW6azyRgC9bEgF51CUuZWCA42QqT7V4lN9l1TjuA=",
        "owner": "eraserhd",
        "repo": "parinfer-rust",
        "rev": "86d52fbb560ece5cf272f90e64742bda62fd7d7b",
        "type": "github"
      },
      "original": {
        "owner": "eraserhd",
        "repo": "parinfer-rust",
        "type": "github"
      }
    },
    "pyproject-build-systems": {
      "inputs": {
        "nixpkgs": [
          "filewatcher123d",
          "nixpkgs"
        ],
        "pyproject-nix": [
          "filewatcher123d",
          "pyproject-nix"
        ],
        "uv2nix": [
          "filewatcher123d",
          "uv2nix"
        ]
      },
      "locked": {
        "lastModified": 1779676664,
        "narHash": "sha256-MbXylBTkWqVm8/VYjoULtMoVRgWBN1gSHbeRKsOsPlU=",
        "owner": "pyproject-nix",
        "repo": "build-system-pkgs",
        "rev": "7bff980f37fc24e09dbc986643719900c139bf12",
        "type": "github"
      },
      "original": {
        "owner": "pyproject-nix",
        "repo": "build-system-pkgs",
        "type": "github"
      }
    },
    "pyproject-nix": {
      "inputs": {
        "nixpkgs": [
          "filewatcher123d",
          "nixpkgs"
        ]
      },
      "locked": {
        "lastModified": 1780416763,
        "narHash": "sha256-rRK3IFixgsrK6S3e14Xz9HAZm7+kMAIl3oi5zZlcwYI=",
        "owner": "pyproject-nix",
        "repo": "pyproject.nix",
        "rev": "ad83f1ead0e78e57b188f35cb57298affb06fc5f",
        "type": "github"
      },
      "original": {
        "owner": "pyproject-nix",
        "repo": "pyproject.nix",
        "type": "github"
      }
    },
    "pyproject-nix_2": {
      "inputs": {
        "nixpkgs": [
          "horai",
          "nixpkgs"
        ]
      },
      "locked": {
        "lastModified": 1781585874,
        "narHash": "sha256-T4e8kqZ/fsuqYWbcXDcr0EBLClh3VRKVV1XcL/ibf3A=",
        "owner": "pyproject-nix",
        "repo": "pyproject.nix",
        "rev": "112aebcc00ecf20d48a5c08e80660a6852a4707a",
        "type": "github"
      },
      "original": {
        "owner": "pyproject-nix",
        "repo": "pyproject.nix",
        "type": "github"
      }
    },
    "pyproject-nix_3": {
      "inputs": {
        "nixpkgs": [
          "traveller",
          "nixpkgs"
        ]
      },
      "locked": {
        "lastModified": 1776715674,
        "narHash": "sha256-Gs1VnEkCkkRZxJQAC/Dhz0Jbfi22mFXChbtNg9w/Ybg=",
        "owner": "pyproject-nix",
        "repo": "pyproject.nix",
        "rev": "69f57f27e52a87c54e28138a75ec741cd46663c9",
        "type": "github"
      },
      "original": {
        "owner": "pyproject-nix",
        "repo": "pyproject.nix",
        "type": "github"
      }
    },
    "root": {
      "inputs": {
        "agenix": "agenix",
        "arkenfox": "arkenfox",
        "disko": "disko",
        "filewatcher123d": "filewatcher123d",
        "firefox-addons": "firefox-addons",
        "flake-parts": "flake-parts",
        "flexoki": "flexoki",
        "gitsh": "gitsh",
        "home-manager": "home-manager",
        "horai": "horai",
        "impermanence": "impermanence",
        "janet-lsp": "janet-lsp",
        "kak-yac": "kak-yac",
        "kakoune": "kakoune",
        "mini-agenix": "mini-agenix",
        "niri": "niri",
        "nixos-hardware": "nixos-hardware",
        "nixpkgs": "nixpkgs",
        "parinfer-rust": "parinfer-rust",
        "stevenBlackHosts": "stevenBlackHosts",
        "transmission-confined": "transmission-confined",
        "traveller": "traveller",
        "wrapper-manager": "wrapper-manager"
      }
    },
    "stevenBlackHosts": {
      "flake": false,
      "locked": {
        "lastModified": 1785689617,
        "narHash": "sha256-D2C9vzzZgHpyy8+xYNrQCdOYab+j8n901v6Ba3YiZ1I=",
        "owner": "StevenBlack",
        "repo": "hosts",
        "rev": "8d2a3f3339e8d8aec0fa762beb621bca30806d82",
        "type": "github"
      },
      "original": {
        "owner": "StevenBlack",
        "repo": "hosts",
        "type": "github"
      }
    },
    "systems": {
      "locked": {
        "lastModified": 1681028828,
        "narHash": "sha256-Vy1rq5AaRuLzOxct8nz4T6wlgyUR7zLU309k9mBC768=",
        "owner": "nix-systems",
        "repo": "default",
        "rev": "da67096a3b9bf56a91d16901293e51ba5b49a27e",
        "type": "github"
      },
      "original": {
        "owner": "nix-systems",
        "repo": "default",
        "type": "github"
      }
    },
    "systems_2": {
      "locked": {
        "lastModified": 1681028828,
        "narHash": "sha256-Vy1rq5AaRuLzOxct8nz4T6wlgyUR7zLU309k9mBC768=",
        "owner": "nix-systems",
        "repo": "default",
        "rev": "da67096a3b9bf56a91d16901293e51ba5b49a27e",
        "type": "github"
      },
      "original": {
        "owner": "nix-systems",
        "repo": "default",
        "type": "github"
      }
    },
    "transmission-confined": {
      "inputs": {
        "WG-jail": "WG-jail",
        "nixpkgs": [
          "nixpkgs"
        ]
      },
      "locked": {
        "lastModified": 1784648026,
        "narHash": "sha256-a4jrNK4jVLAyGjBhogg1oNoVNNsP7R/8QbgAlE/73AE=",
        "owner": "Akiiino",
        "repo": "transmission-confined",
        "rev": "20886eee8060fa8349b4a5c334107a40620151df",
        "type": "github"
      },
      "original": {
        "owner": "Akiiino",
        "repo": "transmission-confined",
        "type": "github"
      }
    },
    "traveller": {
      "inputs": {
        "nixpkgs": [
          "nixpkgs"
        ],
        "pyproject-nix": "pyproject-nix_3",
        "treefmt-nix": "treefmt-nix"
      },
      "locked": {
        "lastModified": 1780830114,
        "narHash": "sha256-ENvjp2QV8XilR+ozKbGRiWm1iMZd3ulOCAf2r8JY7jI=",
        "owner": "Akiiino",
        "repo": "traveller",
        "rev": "e1635520efefe43e041d1800c5e00e5661c0b0d8",
        "type": "github"
      },
      "original": {
        "owner": "Akiiino",
        "repo": "traveller",
        "type": "github"
      }
    },
    "treefmt-nix": {
      "inputs": {
        "nixpkgs": [
          "traveller",
          "nixpkgs"
        ]
      },
      "locked": {
        "lastModified": 1775636079,
        "narHash": "sha256-pc20NRoMdiar8oPQceQT47UUZMBTiMdUuWrYu2obUP0=",
        "owner": "numtide",
        "repo": "treefmt-nix",
        "rev": "790751ff7fd3801feeaf96d7dc416a8d581265ba",
        "type": "github"
      },
      "original": {
        "owner": "numtide",
        "repo": "treefmt-nix",
        "type": "github"
      }
    },
    "uv2nix": {
      "inputs": {
        "nixpkgs": [
          "filewatcher123d",
          "nixpkgs"
        ],
        "pyproject-nix": [
          "filewatcher123d",
          "pyproject-nix"
        ]
      },
      "locked": {
        "lastModified": 1780418295,
        "narHash": "sha256-yZVQNvmDx1SFjvlwevywsXWJnieSRqmQr7/fCTMyyd0=",
        "owner": "pyproject-nix",
        "repo": "uv2nix",
        "rev": "0497ccef038da091002be7c05263a7f27820974f",
        "type": "github"
      },
      "original": {
        "owner": "pyproject-nix",
        "repo": "uv2nix",
        "type": "github"
      }
    },
    "wrapper-manager": {
      "locked": {
        "lastModified": 1783493101,
        "narHash": "sha256-LqqlRrZVLdCr/fmfXj/j7bUpvv02Ct3TVInWRxs20a8=",
        "owner": "viperML",
        "repo": "wrapper-manager",
        "rev": "531d7752716f5097f05c709d6727299d70c69b62",
        "type": "github"
      },
      "original": {
        "owner": "viperML",
        "repo": "wrapper-manager",
        "type": "github"
      }
    },
    "xwayland-satellite-stable": {
      "flake": false,
      "locked": {
        "lastModified": 1755491097,
        "narHash": "sha256-m+9tUfsmBeF2Gn4HWa6vSITZ4Gz1eA1F5Kh62B0N4oE=",
        "owner": "Supreeeme",
        "repo": "xwayland-satellite",
        "rev": "388d291e82ffbc73be18169d39470f340707edaa",
        "type": "github"
      },
      "original": {
        "owner": "Supreeeme",
        "ref": "v0.7",
        "repo": "xwayland-satellite",
        "type": "github"
      }
    },
    "xwayland-satellite-unstable": {
      "flake": false,
      "locked": {
        "lastModified": 1784679892,
        "narHash": "sha256-Mb7jpqnrcYCfNSItIkkHpuR3YxWFxPuIBfcwNKlRBkk=",
        "owner": "Supreeeme",
        "repo": "xwayland-satellite",
        "rev": "8d135d3b2854b30fd01ea6cd6c27e523dd50a839",
        "type": "github"
      },
      "original": {
        "owner": "Supreeeme",
        "repo": "xwayland-satellite",
        "type": "github"
      }
    }
  },
  "root": "root",
  "version": 7
}
